
Microsoft Visual Studio Solution File, Format Version 12.00
# Visual Studio Version 17
VisualStudioVersion = 17.2.32519.379
MinimumVisualStudioVersion = 10.0.40219.1
Project("{FAE04EC0-301F-11D3-BF4B-00C04F79EFBC}") = "prysp2", "prysp2.csproj", "{DE99FAA9-D971-4516-A7F1-AA9F72ADB17D}"
EndProject
Global
	GlobalSection(SolutionConfigurationPlatforms) = preSolution
		Debug|Any CPU = Debug|Any CPU
		Release|Any CPU = Release|Any CPU
	EndGlobalSection
	GlobalSection(ProjectConfigurationPlatforms) = postSolution
		{DE99FAA9-D971-4516-A7F1-AA9F72ADB17D}.Debug|Any CPU.ActiveCfg = Debug|Any CPU
		{DE99FAA9-D971-4516-A7F1-AA9F72ADB17D}.Debug|Any CPU.Build.0 = Debug|Any CPU
		{DE99FAA9-D971-4516-A7F1-AA9F72ADB17D}.Release|Any CPU.ActiveCfg = Release|Any CPU
		{DE99FAA9-D971-4516-A7F1-AA9F72ADB17D}.Release|Any CPU.Build.0 = Release|Any CPU
	EndGlobalSection
	GlobalSection(SolutionProperties) = preSolution
		HideSolutionNode = FALSE
	EndGlobalSection
	GlobalSection(ExtensibilityGlobals) = postSolution
		SolutionGuid = {DE63495F-EE0F-400E-A149-D8969285D103}
	EndGlobalSection
EndGlobal
